
Microsoft Visual Studio Solution File, Format Version 12.00
# Visual Studio Version 17
VisualStudioVersion = 17.14.36623.8 d17.14
MinimumVisualStudioVersion = 10.0.40219.1
Project("{FAE04EC0-301F-11D3-BF4B-00C04F79EFBC}") = "MemoryLingo", "MemoryLingo.csproj", "{5A92B3FA-65B2-4AB5-A630-39A49A650F52}"
EndProject
Global
	GlobalSection(SolutionConfigurationPlatforms) = preSolution
		Debug|Any CPU = Debug|Any CPU
		Release|Any CPU = Release|Any CPU
	EndGlobalSection
	GlobalSection(ProjectConfigurationPlatforms) = postSolution
		{5A92B3FA-65B2-4AB5-A630-39A49A650F52}.Debug|Any CPU.ActiveCfg = Debug|Any CPU
		{5A92B3FA-65B2-4AB5-A630-39A49A650F52}.Debug|Any CPU.Build.0 = Debug|Any CPU
		{5A92B3FA-65B2-4AB5-A630-39A49A650F52}.Release|Any CPU.ActiveCfg = Release|Any CPU
		{5A92B3FA-65B2-4AB5-A630-39A49A650F52}.Release|Any CPU.Build.0 = Release|Any CPU
	EndGlobalSection
	GlobalSection(SolutionProperties) = preSolution
		HideSolutionNode = FALSE
	EndGlobalSection
	GlobalSection(ExtensibilityGlobals) = postSolution
		SolutionGuid = {F43D4D1D-45D8-4484-B588-6B29695CAFF3}
	EndGlobalSection
EndGlobal
